
Microsoft Visual Studio Solution File, Format Version 12.00
# Visual Studio Version 16
VisualStudioVersion = 16.0.29324.140
MinimumVisualStudioVersion = 10.0.40219.1
Project("{9A19103F-16F7-4668-BE54-9A1E7A4F7556}") = "CSharpDemo", "CSharpDemo\CSharpDemo.csproj", "{8C6CBA8F-C446-4457-8866-C3FE0A5F706E}"
EndProject
Project("{8BC9CEB8-8B4A-11D0-8D11-00A0C91BC942}") = "NaturalStringComparer", "Lib\NaturalStringComparer.vcxproj", "{28315612-C910-45C2-839E-1A2B97D8D78A}"
EndProject
Project("{8BC9CEB8-8B4A-11D0-8D11-00A0C91BC942}") = "Demo", "Demo\Demo.vcxproj", "{553E4BEF-4193-47CD-A082-37A56A18CDCD}"
EndProject
Global
	GlobalSection(SolutionConfigurationPlatforms) = preSolution
		Debug|Any CPU = Debug|Any CPU
		Debug|x86 = Debug|x86
		Release|Any CPU = Release|Any CPU
		Release|x86 = Release|x86
	EndGlobalSection
	GlobalSection(ProjectConfigurationPlatforms) = postSolution
		{8C6CBA8F-C446-4457-8866-C3FE0A5F706E}.Debug|Any CPU.ActiveCfg = Debug|Any CPU
		{8C6CBA8F-C446-4457-8866-C3FE0A5F706E}.Debug|Any CPU.Build.0 = Debug|Any CPU
		{8C6CBA8F-C446-4457-8866-C3FE0A5F706E}.Debug|x86.ActiveCfg = Debug|Any CPU
		{8C6CBA8F-C446-4457-8866-C3FE0A5F706E}.Debug|x86.Build.0 = Debug|Any CPU
		{8C6CBA8F-C446-4457-8866-C3FE0A5F706E}.Release|Any CPU.ActiveCfg = Release|Any CPU
		{8C6CBA8F-C446-4457-8866-C3FE0A5F706E}.Release|Any CPU.Build.0 = Release|Any CPU
		{8C6CBA8F-C446-4457-8866-C3FE0A5F706E}.Release|x86.ActiveCfg = Release|Any CPU
		{8C6CBA8F-C446-4457-8866-C3FE0A5F706E}.Release|x86.Build.0 = Release|Any CPU
		{28315612-C910-45C2-839E-1A2B97D8D78A}.Debug|Any CPU.ActiveCfg = Debug|Win32
		{28315612-C910-45C2-839E-1A2B97D8D78A}.Debug|x86.ActiveCfg = Debug|Win32
		{28315612-C910-45C2-839E-1A2B97D8D78A}.Debug|x86.Build.0 = Debug|Win32
		{28315612-C910-45C2-839E-1A2B97D8D78A}.Release|Any CPU.ActiveCfg = Release|Win32
		{28315612-C910-45C2-839E-1A2B97D8D78A}.Release|x86.ActiveCfg = Release|Win32
		{28315612-C910-45C2-839E-1A2B97D8D78A}.Release|x86.Build.0 = Release|Win32
		{553E4BEF-4193-47CD-A082-37A56A18CDCD}.Debug|Any CPU.ActiveCfg = Debug|Win32
		{553E4BEF-4193-47CD-A082-37A56A18CDCD}.Debug|x86.ActiveCfg = Debug|Win32
		{553E4BEF-4193-47CD-A082-37A56A18CDCD}.Debug|x86.Build.0 = Debug|Win32
		{553E4BEF-4193-47CD-A082-37A56A18CDCD}.Release|Any CPU.ActiveCfg = Release|Win32
		{553E4BEF-4193-47CD-A082-37A56A18CDCD}.Release|x86.ActiveCfg = Release|Win32
		{553E4BEF-4193-47CD-A082-37A56A18CDCD}.Release|x86.Build.0 = Release|Win32
	EndGlobalSection
	GlobalSection(SolutionProperties) = preSolution
		HideSolutionNode = FALSE
	EndGlobalSection
	GlobalSection(ExtensibilityGlobals) = postSolution
		SolutionGuid = {0AC110E3-6517-49EF-AF95-924CE139FBCB}
	EndGlobalSection
EndGlobal
